
Microsoft Visual Studio Solution File, Format Version 12.00
# Visual Studio Version 17
VisualStudioVersion = 17.4.33110.190
MinimumVisualStudioVersion = 10.0.40219.1
Project("{FAE04EC0-301F-11D3-BF4B-00C04F79EFBC}") = "TextureRescaler", "TextureRescaler.csproj", "{501840C6-F8D3-4CA0-BA2A-91387CDC0888}"
EndProject
Global
	GlobalSection(SolutionConfigurationPlatforms) = preSolution
		Debug|Any CPU = Debug|Any CPU
		Release|Any CPU = Release|Any CPU
	EndGlobalSection
	GlobalSection(ProjectConfigurationPlatforms) = postSolution
		{501840C6-F8D3-4CA0-BA2A-91387CDC0888}.Debug|Any CPU.ActiveCfg = Debug|Any CPU
		{501840C6-F8D3-4CA0-BA2A-91387CDC0888}.Debug|Any CPU.Build.0 = Debug|Any CPU
		{501840C6-F8D3-4CA0-BA2A-91387CDC0888}.Release|Any CPU.ActiveCfg = Release|Any CPU
		{501840C6-F8D3-4CA0-BA2A-91387CDC0888}.Release|Any CPU.Build.0 = Release|Any CPU
	EndGlobalSection
	GlobalSection(SolutionProperties) = preSolution
		HideSolutionNode = FALSE
	EndGlobalSection
	GlobalSection(ExtensibilityGlobals) = postSolution
		SolutionGuid = {BF8D9869-F004-4695-A0DF-0BF2AC604FA0}
	EndGlobalSection
EndGlobal
